
Microsoft Visual Studio Solution File, Format Version 12.00
# Visual Studio Version 17
VisualStudioVersion = 17.9.34723.18
MinimumVisualStudioVersion = 10.0.40219.1
Project("{FAE04EC0-301F-11D3-BF4B-00C04F79EFBC}") = "EDP_Project", "EDP_Project\EDP_Project.csproj", "{7F30C585-ADF1-4996-ABB2-0346FCE3E994}"
EndProject
Global
	GlobalSection(SolutionConfigurationPlatforms) = preSolution
		Debug|Any CPU = Debug|Any CPU
		Release|Any CPU = Release|Any CPU
	EndGlobalSection
	GlobalSection(ProjectConfigurationPlatforms) = postSolution
		{7F30C585-ADF1-4996-ABB2-0346FCE3E994}.Debug|Any CPU.ActiveCfg = Debug|Any CPU
		{7F30C585-ADF1-4996-ABB2-0346FCE3E994}.Debug|Any CPU.Build.0 = Debug|Any CPU
		{7F30C585-ADF1-4996-ABB2-0346FCE3E994}.Release|Any CPU.ActiveCfg = Release|Any CPU
		{7F30C585-ADF1-4996-ABB2-0346FCE3E994}.Release|Any CPU.Build.0 = Release|Any CPU
	EndGlobalSection
	GlobalSection(SolutionProperties) = preSolution
		HideSolutionNode = FALSE
	EndGlobalSection
	GlobalSection(ExtensibilityGlobals) = postSolution
		SolutionGuid = {8C1FC152-36BB-4AA6-9DE6-749511C4BE13}
	EndGlobalSection
EndGlobal
